
Microsoft Visual Studio Solution File, Format Version 12.00
# Visual Studio Version 16
VisualStudioVersion = 16.0.30804.86
MinimumVisualStudioVersion = 15.0.26124.0
Project("{2150E333-8FDC-42A3-9474-1A3956D46DE8}") = "src", "src", "{F8AC7CA8-5052-4373-8983-56C6EED61F17}"
EndProject
Project("{2150E333-8FDC-42A3-9474-1A3956D46DE8}") = "Services", "Services", "{D8617B0B-9E70-473B-8E74-1AE5FF628D83}"
EndProject
Project("{2150E333-8FDC-42A3-9474-1A3956D46DE8}") = "ApiGateways", "ApiGateways", "{6C9533C4-31DB-4C72-8146-9F5A19DECA2E}"
EndProject
Project("{E53339B2-1760-4266-BCC7-CA923CBCF16C}") = "docker-compose", "docker-compose.dcproj", "{49D8A998-0775-4987-86B8-BD041E0E9DF9}"
EndProject
Project("{2150E333-8FDC-42A3-9474-1A3956D46DE8}") = "Envoy", "Envoy", "{A9D5F5F9-24DB-4771-8DE7-009AC0C51518}"
EndProject
Project("{2150E333-8FDC-42A3-9474-1A3956D46DE8}") = "Infrastructure", "Infrastructure", "{19B159EA-A9BD-4BE9-967C-2FCACBCBC6FD}"
ProjectSection(SolutionItems) = preProject
	ApiGateways\Envoy\Infrastructure\envoy.yaml = ApiGateways\Envoy\Infrastructure\envoy.yaml
EndProjectSection
EndProject
Project("{2150E333-8FDC-42A3-9474-1A3956D46DE8}") = "Blog", "Blog", "{069339AC-8874-4B47-9D92-F867D5DBE4FD}"
EndProject
Project("{2150E333-8FDC-42A3-9474-1A3956D46DE8}") = "Blogging", "Blogging", "{64932591-2203-4CB0-BB79-998F4FD66893}"
ProjectSection(SolutionItems) = preProject
	ApiGateways\Envoy\Blogging\envoy.yaml = ApiGateways\Envoy\Blogging\envoy.yaml
EndProjectSection
EndProject
Project("{2150E333-8FDC-42A3-9474-1A3956D46DE8}") = "Tests", "Tests", "{C7A721A2-4A1D-4370-BEA8-F80AD009C55A}"
EndProject
Project("{2150E333-8FDC-42A3-9474-1A3956D46DE8}") = "IdentityControl", "IdentityControl", "{5E52B25C-F377-4442-9BEE-717FA1564ED8}"
EndProject
Project("{FAE04EC0-301F-11D3-BF4B-00C04F79EFBC}") = "IdentityControl.API", "Services\IdentityControl\IdentityControl.API\IdentityControl.API.csproj", "{3EB15A10-3FAE-405B-A6AC-255F6189FF66}"
EndProject
Project("{2150E333-8FDC-42A3-9474-1A3956D46DE8}") = "IdentityServer", "IdentityServer", "{795FD577-E19C-4054-80DD-7A68EC6B9CC4}"
EndProject
Project("{FAE04EC0-301F-11D3-BF4B-00C04F79EFBC}") = "IdentityServer.API", "Services\IdentityServer\IdentityServer.API\IdentityServer.API.csproj", "{B836ADC5-B09F-48D5-985A-B76D9A0225B3}"
EndProject
Project("{FAE04EC0-301F-11D3-BF4B-00C04F79EFBC}") = "Blog.API", "Services\Blog\Blog.API\Blog.API.csproj", "{35F58087-CAC1-4EC3-B88B-C51ECE8FBB0C}"
EndProject
Project("{FAE04EC0-301F-11D3-BF4B-00C04F79EFBC}") = "Blog.FunctionalTests", "Services\Blog\Blog.FunctionalTests\Blog.FunctionalTests.csproj", "{EEE2626D-DB11-4FB5-A638-A567BD1F05C6}"
EndProject
Project("{2150E333-8FDC-42A3-9474-1A3956D46DE8}") = "Posting", "Posting", "{26F3FF92-3A4A-4120-85C2-A425D4B3FC9B}"
EndProject
Project("{FAE04EC0-301F-11D3-BF4B-00C04F79EFBC}") = "Posting.API", "Services\Posting\Posting.API\Posting.API.csproj", "{39C04650-247E-4B90-9F5E-00A9257B2F35}"
EndProject
Project("{FAE04EC0-301F-11D3-BF4B-00C04F79EFBC}") = "Posting.UnitTests", "Services\Posting\Posting.UnitTests\Posting.UnitTests.csproj", "{EAE64A1F-A3CF-41FF-808A-75EBE62D1FC5}"
EndProject
Project("{FAE04EC0-301F-11D3-BF4B-00C04F79EFBC}") = "Posting.Core", "Services\Posting\Posting.Core\Posting.Core.csproj", "{F9601CA7-773D-4F5B-A42A-2C4AD4BACAF6}"
EndProject
Project("{FAE04EC0-301F-11D3-BF4B-00C04F79EFBC}") = "Posting.Infrastructure", "Services\Posting\Posting.Infrastructure\Posting.Infrastructure.csproj", "{0231361B-9762-4C75-94E2-80396F2D74F3}"
EndProject
Global
	GlobalSection(SolutionConfigurationPlatforms) = preSolution
		Debug|Any CPU = Debug|Any CPU
		Debug|x64 = Debug|x64
		Debug|x86 = Debug|x86
		Release|Any CPU = Release|Any CPU
		Release|x64 = Release|x64
		Release|x86 = Release|x86
	EndGlobalSection
	GlobalSection(ProjectConfigurationPlatforms) = postSolution
		{49D8A998-0775-4987-86B8-BD041E0E9DF9}.Debug|Any CPU.ActiveCfg = Debug|Any CPU
		{49D8A998-0775-4987-86B8-BD041E0E9DF9}.Debug|Any CPU.Build.0 = Debug|Any CPU
		{49D8A998-0775-4987-86B8-BD041E0E9DF9}.Debug|x64.ActiveCfg = Debug|Any CPU
		{49D8A998-0775-4987-86B8-BD041E0E9DF9}.Debug|x64.Build.0 = Debug|Any CPU
		{49D8A998-0775-4987-86B8-BD041E0E9DF9}.Debug|x86.ActiveCfg = Debug|Any CPU
		{49D8A998-0775-4987-86B8-BD041E0E9DF9}.Debug|x86.Build.0 = Debug|Any CPU
		{49D8A998-0775-4987-86B8-BD041E0E9DF9}.Release|Any CPU.ActiveCfg = Release|Any CPU
		{49D8A998-0775-4987-86B8-BD041E0E9DF9}.Release|Any CPU.Build.0 = Release|Any CPU
		{49D8A998-0775-4987-86B8-BD041E0E9DF9}.Release|x64.ActiveCfg = Release|Any CPU
		{49D8A998-0775-4987-86B8-BD041E0E9DF9}.Release|x64.Build.0 = Release|Any CPU
		{49D8A998-0775-4987-86B8-BD041E0E9DF9}.Release|x86.ActiveCfg = Release|Any CPU
		{49D8A998-0775-4987-86B8-BD041E0E9DF9}.Release|x86.Build.0 = Release|Any CPU
		{3EB15A10-3FAE-405B-A6AC-255F6189FF66}.Debug|Any CPU.ActiveCfg = Debug|Any CPU
		{3EB15A10-3FAE-405B-A6AC-255F6189FF66}.Debug|Any CPU.Build.0 = Debug|Any CPU
		{3EB15A10-3FAE-405B-A6AC-255F6189FF66}.Debug|x64.ActiveCfg = Debug|Any CPU
		{3EB15A10-3FAE-405B-A6AC-255F6189FF66}.Debug|x64.Build.0 = Debug|Any CPU
		{3EB15A10-3FAE-405B-A6AC-255F6189FF66}.Debug|x86.ActiveCfg = Debug|Any CPU
		{3EB15A10-3FAE-405B-A6AC-255F6189FF66}.Debug|x86.Build.0 = Debug|Any CPU
		{3EB15A10-3FAE-405B-A6AC-255F6189FF66}.Release|Any CPU.ActiveCfg = Release|Any CPU
		{3EB15A10-3FAE-405B-A6AC-255F6189FF66}.Release|Any CPU.Build.0 = Release|Any CPU
		{3EB15A10-3FAE-405B-A6AC-255F6189FF66}.Release|x64.ActiveCfg = Release|Any CPU
		{3EB15A10-3FAE-405B-A6AC-255F6189FF66}.Release|x64.Build.0 = Release|Any CPU
		{3EB15A10-3FAE-405B-A6AC-255F6189FF66}.Release|x86.ActiveCfg = Release|Any CPU
		{3EB15A10-3FAE-405B-A6AC-255F6189FF66}.Release|x86.Build.0 = Release|Any CPU
		{B836ADC5-B09F-48D5-985A-B76D9A0225B3}.Debug|Any CPU.ActiveCfg = Debug|Any CPU
		{B836ADC5-B09F-48D5-985A-B76D9A0225B3}.Debug|Any CPU.Build.0 = Debug|Any CPU
		{B836ADC5-B09F-48D5-985A-B76D9A0225B3}.Debug|x64.ActiveCfg = Debug|Any CPU
		{B836ADC5-B09F-48D5-985A-B76D9A0225B3}.Debug|x64.Build.0 = Debug|Any CPU
		{B836ADC5-B09F-48D5-985A-B76D9A0225B3}.Debug|x86.ActiveCfg = Debug|Any CPU
		{B836ADC5-B09F-48D5-985A-B76D9A0225B3}.Debug|x86.Build.0 = Debug|Any CPU
		{B836ADC5-B09F-48D5-985A-B76D9A0225B3}.Release|Any CPU.ActiveCfg = Release|Any CPU
		{B836ADC5-B09F-48D5-985A-B76D9A0225B3}.Release|Any CPU.Build.0 = Release|Any CPU
		{B836ADC5-B09F-48D5-985A-B76D9A0225B3}.Release|x64.ActiveCfg = Release|Any CPU
		{B836ADC5-B09F-48D5-985A-B76D9A0225B3}.Release|x64.Build.0 = Release|Any CPU
		{B836ADC5-B09F-48D5-985A-B76D9A0225B3}.Release|x86.ActiveCfg = Release|Any CPU
		{B836ADC5-B09F-48D5-985A-B76D9A0225B3}.Release|x86.Build.0 = Release|Any CPU
		{35F58087-CAC1-4EC3-B88B-C51ECE8FBB0C}.Debug|Any CPU.ActiveCfg = Debug|Any CPU
		{35F58087-CAC1-4EC3-B88B-C51ECE8FBB0C}.Debug|Any CPU.Build.0 = Debug|Any CPU
		{35F58087-CAC1-4EC3-B88B-C51ECE8FBB0C}.Debug|x64.ActiveCfg = Debug|Any CPU
		{35F58087-CAC1-4EC3-B88B-C51ECE8FBB0C}.Debug|x64.Build.0 = Debug|Any CPU
		{35F58087-CAC1-4EC3-B88B-C51ECE8FBB0C}.Debug|x86.ActiveCfg = Debug|Any CPU
		{35F58087-CAC1-4EC3-B88B-C51ECE8FBB0C}.Debug|x86.Build.0 = Debug|Any CPU
		{35F58087-CAC1-4EC3-B88B-C51ECE8FBB0C}.Release|Any CPU.ActiveCfg = Release|Any CPU
		{35F58087-CAC1-4EC3-B88B-C51ECE8FBB0C}.Release|Any CPU.Build.0 = Release|Any CPU
		{35F58087-CAC1-4EC3-B88B-C51ECE8FBB0C}.Release|x64.ActiveCfg = Release|Any CPU
		{35F58087-CAC1-4EC3-B88B-C51ECE8FBB0C}.Release|x64.Build.0 = Release|Any CPU
		{35F58087-CAC1-4EC3-B88B-C51ECE8FBB0C}.Release|x86.ActiveCfg = Release|Any CPU
		{35F58087-CAC1-4EC3-B88B-C51ECE8FBB0C}.Release|x86.Build.0 = Release|Any CPU
		{EEE2626D-DB11-4FB5-A638-A567BD1F05C6}.Debug|Any CPU.ActiveCfg = Debug|Any CPU
		{EEE2626D-DB11-4FB5-A638-A567BD1F05C6}.Debug|Any CPU.Build.0 = Debug|Any CPU
		{EEE2626D-DB11-4FB5-A638-A567BD1F05C6}.Debug|x64.ActiveCfg = Debug|Any CPU
		{EEE2626D-DB11-4FB5-A638-A567BD1F05C6}.Debug|x64.Build.0 = Debug|Any CPU
		{EEE2626D-DB11-4FB5-A638-A567BD1F05C6}.Debug|x86.ActiveCfg = Debug|Any CPU
		{EEE2626D-DB11-4FB5-A638-A567BD1F05C6}.Debug|x86.Build.0 = Debug|Any CPU
		{EEE2626D-DB11-4FB5-A638-A567BD1F05C6}.Release|Any CPU.ActiveCfg = Release|Any CPU
		{EEE2626D-DB11-4FB5-A638-A567BD1F05C6}.Release|Any CPU.Build.0 = Release|Any CPU
		{EEE2626D-DB11-4FB5-A638-A567BD1F05C6}.Release|x64.ActiveCfg = Release|Any CPU
		{EEE2626D-DB11-4FB5-A638-A567BD1F05C6}.Release|x64.Build.0 = Release|Any CPU
		{EEE2626D-DB11-4FB5-A638-A567BD1F05C6}.Release|x86.ActiveCfg = Release|Any CPU
		{EEE2626D-DB11-4FB5-A638-A567BD1F05C6}.Release|x86.Build.0 = Release|Any CPU
		{39C04650-247E-4B90-9F5E-00A9257B2F35}.Debug|Any CPU.ActiveCfg = Debug|Any CPU
		{39C04650-247E-4B90-9F5E-00A9257B2F35}.Debug|Any CPU.Build.0 = Debug|Any CPU
		{39C04650-247E-4B90-9F5E-00A9257B2F35}.Debug|x64.ActiveCfg = Debug|Any CPU
		{39C04650-247E-4B90-9F5E-00A9257B2F35}.Debug|x64.Build.0 = Debug|Any CPU
		{39C04650-247E-4B90-9F5E-00A9257B2F35}.Debug|x86.ActiveCfg = Debug|Any CPU
		{39C04650-247E-4B90-9F5E-00A9257B2F35}.Debug|x86.Build.0 = Debug|Any CPU
		{39C04650-247E-4B90-9F5E-00A9257B2F35}.Release|Any CPU.ActiveCfg = Release|Any CPU
		{39C04650-247E-4B90-9F5E-00A9257B2F35}.Release|Any CPU.Build.0 = Release|Any CPU
		{39C04650-247E-4B90-9F5E-00A9257B2F35}.Release|x64.ActiveCfg = Release|Any CPU
		{39C04650-247E-4B90-9F5E-00A9257B2F35}.Release|x64.Build.0 = Release|Any CPU
		{39C04650-247E-4B90-9F5E-00A9257B2F35}.Release|x86.ActiveCfg = Release|Any CPU
		{39C04650-247E-4B90-9F5E-00A9257B2F35}.Release|x86.Build.0 = Release|Any CPU
		{EAE64A1F-A3CF-41FF-808A-75EBE62D1FC5}.Debug|Any CPU.ActiveCfg = Debug|Any CPU
		{EAE64A1F-A3CF-41FF-808A-75EBE62D1FC5}.Debug|Any CPU.Build.0 = Debug|Any CPU
		{EAE64A1F-A3CF-41FF-808A-75EBE62D1FC5}.Debug|x64.ActiveCfg = Debug|Any CPU
		{EAE64A1F-A3CF-41FF-808A-75EBE62D1FC5}.Debug|x64.Build.0 = Debug|Any CPU
		{EAE64A1F-A3CF-41FF-808A-75EBE62D1FC5}.Debug|x86.ActiveCfg = Debug|Any CPU
		{EAE64A1F-A3CF-41FF-808A-75EBE62D1FC5}.Debug|x86.Build.0 = Debug|Any CPU
		{EAE64A1F-A3CF-41FF-808A-75EBE62D1FC5}.Release|Any CPU.ActiveCfg = Release|Any CPU
		{EAE64A1F-A3CF-41FF-808A-75EBE62D1FC5}.Release|Any CPU.Build.0 = Release|Any CPU
		{EAE64A1F-A3CF-41FF-808A-75EBE62D1FC5}.Release|x64.ActiveCfg = Release|Any CPU
		{EAE64A1F-A3CF-41FF-808A-75EBE62D1FC5}.Release|x64.Build.0 = Release|Any CPU
		{EAE64A1F-A3CF-41FF-808A-75EBE62D1FC5}.Release|x86.ActiveCfg = Release|Any CPU
		{EAE64A1F-A3CF-41FF-808A-75EBE62D1FC5}.Release|x86.Build.0 = Release|Any CPU
		{F9601CA7-773D-4F5B-A42A-2C4AD4BACAF6}.Debug|Any CPU.ActiveCfg = Debug|Any CPU
		{F9601CA7-773D-4F5B-A42A-2C4AD4BACAF6}.Debug|Any CPU.Build.0 = Debug|Any CPU
		{F9601CA7-773D-4F5B-A42A-2C4AD4BACAF6}.Debug|x64.ActiveCfg = Debug|Any CPU
		{F9601CA7-773D-4F5B-A42A-2C4AD4BACAF6}.Debug|x64.Build.0 = Debug|Any CPU
		{F9601CA7-773D-4F5B-A42A-2C4AD4BACAF6}.Debug|x86.ActiveCfg = Debug|Any CPU
		{F9601CA7-773D-4F5B-A42A-2C4AD4BACAF6}.Debug|x86.Build.0 = Debug|Any CPU
		{F9601CA7-773D-4F5B-A42A-2C4AD4BACAF6}.Release|Any CPU.ActiveCfg = Release|Any CPU
		{F9601CA7-773D-4F5B-A42A-2C4AD4BACAF6}.Release|Any CPU.Build.0 = Release|Any CPU
		{F9601CA7-773D-4F5B-A42A-2C4AD4BACAF6}.Release|x64.ActiveCfg = Release|Any CPU
		{F9601CA7-773D-4F5B-A42A-2C4AD4BACAF6}.Release|x64.Build.0 = Release|Any CPU
		{F9601CA7-773D-4F5B-A42A-2C4AD4BACAF6}.Release|x86.ActiveCfg = Release|Any CPU
		{F9601CA7-773D-4F5B-A42A-2C4AD4BACAF6}.Release|x86.Build.0 = Release|Any CPU
		{0231361B-9762-4C75-94E2-80396F2D74F3}.Debug|Any CPU.ActiveCfg = Debug|Any CPU
		{0231361B-9762-4C75-94E2-80396F2D74F3}.Debug|Any CPU.Build.0 = Debug|Any CPU
		{0231361B-9762-4C75-94E2-80396F2D74F3}.Debug|x64.ActiveCfg = Debug|Any CPU
		{0231361B-9762-4C75-94E2-80396F2D74F3}.Debug|x64.Build.0 = Debug|Any CPU
		{0231361B-9762-4C75-94E2-80396F2D74F3}.Debug|x86.ActiveCfg = Debug|Any CPU
		{0231361B-9762-4C75-94E2-80396F2D74F3}.Debug|x86.Build.0 = Debug|Any CPU
		{0231361B-9762-4C75-94E2-80396F2D74F3}.Release|Any CPU.ActiveCfg = Release|Any CPU
		{0231361B-9762-4C75-94E2-80396F2D74F3}.Release|Any CPU.Build.0 = Release|Any CPU
		{0231361B-9762-4C75-94E2-80396F2D74F3}.Release|x64.ActiveCfg = Release|Any CPU
		{0231361B-9762-4C75-94E2-80396F2D74F3}.Release|x64.Build.0 = Release|Any CPU
		{0231361B-9762-4C75-94E2-80396F2D74F3}.Release|x86.ActiveCfg = Release|Any CPU
		{0231361B-9762-4C75-94E2-80396F2D74F3}.Release|x86.Build.0 = Release|Any CPU
	EndGlobalSection
	GlobalSection(SolutionProperties) = preSolution
		HideSolutionNode = FALSE
	EndGlobalSection
	GlobalSection(NestedProjects) = preSolution
		{D8617B0B-9E70-473B-8E74-1AE5FF628D83} = {F8AC7CA8-5052-4373-8983-56C6EED61F17}
		{6C9533C4-31DB-4C72-8146-9F5A19DECA2E} = {F8AC7CA8-5052-4373-8983-56C6EED61F17}
		{A9D5F5F9-24DB-4771-8DE7-009AC0C51518} = {6C9533C4-31DB-4C72-8146-9F5A19DECA2E}
		{19B159EA-A9BD-4BE9-967C-2FCACBCBC6FD} = {A9D5F5F9-24DB-4771-8DE7-009AC0C51518}
		{069339AC-8874-4B47-9D92-F867D5DBE4FD} = {D8617B0B-9E70-473B-8E74-1AE5FF628D83}
		{64932591-2203-4CB0-BB79-998F4FD66893} = {A9D5F5F9-24DB-4771-8DE7-009AC0C51518}
		{C7A721A2-4A1D-4370-BEA8-F80AD009C55A} = {069339AC-8874-4B47-9D92-F867D5DBE4FD}
		{5E52B25C-F377-4442-9BEE-717FA1564ED8} = {D8617B0B-9E70-473B-8E74-1AE5FF628D83}
		{3EB15A10-3FAE-405B-A6AC-255F6189FF66} = {5E52B25C-F377-4442-9BEE-717FA1564ED8}
		{795FD577-E19C-4054-80DD-7A68EC6B9CC4} = {D8617B0B-9E70-473B-8E74-1AE5FF628D83}
		{B836ADC5-B09F-48D5-985A-B76D9A0225B3} = {795FD577-E19C-4054-80DD-7A68EC6B9CC4}
		{35F58087-CAC1-4EC3-B88B-C51ECE8FBB0C} = {069339AC-8874-4B47-9D92-F867D5DBE4FD}
		{EEE2626D-DB11-4FB5-A638-A567BD1F05C6} = {C7A721A2-4A1D-4370-BEA8-F80AD009C55A}
		{26F3FF92-3A4A-4120-85C2-A425D4B3FC9B} = {D8617B0B-9E70-473B-8E74-1AE5FF628D83}
		{39C04650-247E-4B90-9F5E-00A9257B2F35} = {26F3FF92-3A4A-4120-85C2-A425D4B3FC9B}
		{EAE64A1F-A3CF-41FF-808A-75EBE62D1FC5} = {26F3FF92-3A4A-4120-85C2-A425D4B3FC9B}
		{F9601CA7-773D-4F5B-A42A-2C4AD4BACAF6} = {26F3FF92-3A4A-4120-85C2-A425D4B3FC9B}
		{0231361B-9762-4C75-94E2-80396F2D74F3} = {26F3FF92-3A4A-4120-85C2-A425D4B3FC9B}
	EndGlobalSection
	GlobalSection(ExtensibilityGlobals) = postSolution
		SolutionGuid = {8FD711EC-98D8-44AD-82F9-225E01457433}
	EndGlobalSection
EndGlobal
